
Microsoft Visual Studio Solution File, Format Version 12.00
# Visual Studio Version 17
VisualStudioVersion = 17.14.36327.8 d17.14
MinimumVisualStudioVersion = 10.0.40219.1
Project("{FAE04EC0-301F-11D3-BF4B-00C04F79EFBC}") = "Task-2", "Task-2.csproj", "{52E6C8F6-A0C0-4A7D-A97C-50CEE4CF6AC5}"
EndProject
Global
	GlobalSection(SolutionConfigurationPlatforms) = preSolution
		Debug|Any CPU = Debug|Any CPU
		Release|Any CPU = Release|Any CPU
	EndGlobalSection
	GlobalSection(ProjectConfigurationPlatforms) = postSolution
		{52E6C8F6-A0C0-4A7D-A97C-50CEE4CF6AC5}.Debug|Any CPU.ActiveCfg = Debug|Any CPU
		{52E6C8F6-A0C0-4A7D-A97C-50CEE4CF6AC5}.Debug|Any CPU.Build.0 = Debug|Any CPU
		{52E6C8F6-A0C0-4A7D-A97C-50CEE4CF6AC5}.Release|Any CPU.ActiveCfg = Release|Any CPU
		{52E6C8F6-A0C0-4A7D-A97C-50CEE4CF6AC5}.Release|Any CPU.Build.0 = Release|Any CPU
	EndGlobalSection
	GlobalSection(SolutionProperties) = preSolution
		HideSolutionNode = FALSE
	EndGlobalSection
	GlobalSection(ExtensibilityGlobals) = postSolution
		SolutionGuid = {CBA3E6B7-A086-4516-9E7E-83B8F2E331D6}
	EndGlobalSection
EndGlobal
