
Microsoft Visual Studio Solution File, Format Version 12.00
# Visual Studio Version 17
VisualStudioVersion = 17.14.36327.8 d17.14
MinimumVisualStudioVersion = 10.0.40219.1
Project("{FAE04EC0-301F-11D3-BF4B-00C04F79EFBC}") = "Task-1", "Task-1.csproj", "{D291432A-3F12-4D9F-BD85-EF969CD0C49C}"
EndProject
Global
	GlobalSection(SolutionConfigurationPlatforms) = preSolution
		Debug|Any CPU = Debug|Any CPU
		Release|Any CPU = Release|Any CPU
	EndGlobalSection
	GlobalSection(ProjectConfigurationPlatforms) = postSolution
		{D291432A-3F12-4D9F-BD85-EF969CD0C49C}.Debug|Any CPU.ActiveCfg = Debug|Any CPU
		{D291432A-3F12-4D9F-BD85-EF969CD0C49C}.Debug|Any CPU.Build.0 = Debug|Any CPU
		{D291432A-3F12-4D9F-BD85-EF969CD0C49C}.Release|Any CPU.ActiveCfg = Release|Any CPU
		{D291432A-3F12-4D9F-BD85-EF969CD0C49C}.Release|Any CPU.Build.0 = Release|Any CPU
	EndGlobalSection
	GlobalSection(SolutionProperties) = preSolution
		HideSolutionNode = FALSE
	EndGlobalSection
	GlobalSection(ExtensibilityGlobals) = postSolution
		SolutionGuid = {B8661FDA-9310-4825-A2F3-37934B542904}
	EndGlobalSection
EndGlobal
